
Microsoft Visual Studio Solution File, Format Version 12.00
# Visual Studio Version 17
VisualStudioVersion = 17.6.33801.468
MinimumVisualStudioVersion = 10.0.40219.1
Project("{FAE04EC0-301F-11D3-BF4B-00C04F79EFBC}") = "Tests", "Tests\Tests.csproj", "{256945FC-7578-48B9-9B91-D281CE312C67}"
EndProject
Project("{FAE04EC0-301F-11D3-BF4B-00C04F79EFBC}") = "Configuration", "Configuration\Configuration.csproj", "{A4A6112F-76A4-45C8-92E1-07FAC437D32F}"
EndProject
Global
	GlobalSection(SolutionConfigurationPlatforms) = preSolution
		Debug|Any CPU = Debug|Any CPU
		Release|Any CPU = Release|Any CPU
	EndGlobalSection
	GlobalSection(ProjectConfigurationPlatforms) = postSolution
		{256945FC-7578-48B9-9B91-D281CE312C67}.Debug|Any CPU.ActiveCfg = Debug|Any CPU
		{256945FC-7578-48B9-9B91-D281CE312C67}.Debug|Any CPU.Build.0 = Debug|Any CPU
		{256945FC-7578-48B9-9B91-D281CE312C67}.Release|Any CPU.ActiveCfg = Release|Any CPU
		{256945FC-7578-48B9-9B91-D281CE312C67}.Release|Any CPU.Build.0 = Release|Any CPU
		{A4A6112F-76A4-45C8-92E1-07FAC437D32F}.Debug|Any CPU.ActiveCfg = Debug|Any CPU
		{A4A6112F-76A4-45C8-92E1-07FAC437D32F}.Debug|Any CPU.Build.0 = Debug|Any CPU
		{A4A6112F-76A4-45C8-92E1-07FAC437D32F}.Release|Any CPU.ActiveCfg = Release|Any CPU
		{A4A6112F-76A4-45C8-92E1-07FAC437D32F}.Release|Any CPU.Build.0 = Release|Any CPU
	EndGlobalSection
	GlobalSection(SolutionProperties) = preSolution
		HideSolutionNode = FALSE
	EndGlobalSection
	GlobalSection(ExtensibilityGlobals) = postSolution
		SolutionGuid = {29DC0300-F0FB-475D-8AD8-2DF7FA9723F5}
	EndGlobalSection
EndGlobal
